// !$*UTF8*$!
{
	archiveVersion = 1;
	classes = {
	};
	objectVersion = 56;
	objects = {

/* Begin PBXBuildFile section */
		7D0CA8CC2AADFDF7003A7EDC /* CachedImageDemoApp.swift in Sources */ = {isa = PBXBuildFile; fileRef = 7D0CA8CB2AADFDF7003A7EDC /* CachedImageDemoApp.swift */; };
		7D0CA8CE2AADFDF7003A7EDC /* ContentView.swift in Sources */ = {isa = PBXBuildFile; fileRef = 7D0CA8CD2AADFDF7003A7EDC /* ContentView.swift */; };
		7D0CA8D02AADFDF9003A7EDC /* Assets.xcassets in Resources */ = {isa = PBXBuildFile; fileRef = 7D0CA8CF2AADFDF9003A7EDC /* Assets.xcassets */; };
		7D0CA8D32AADFDF9003A7EDC /* Preview Assets.xcassets in Resources */ = {isa = PBXBuildFile; fileRef = 7D0CA8D22AADFDF9003A7EDC /* Preview Assets.xcassets */; };
		7D0CA8DD2AAE085A003A7EDC /* CachedImage in Frameworks */ = {isa = PBXBuildFile; productRef = 7D0CA8DC2AAE085A003A7EDC /* CachedImage */; };
/* End PBXBuildFile section */

/* Begin PBXFileReference section */
		7D0CA8C82AADFDF7003A7EDC /* CachedImageDemo.app */ = {isa = PBXFileReference; explicitFileType = wrapper.application; includeInIndex = 0; path = CachedImageDemo.app; sourceTree = BUILT_PRODUCTS_DIR; };
		7D0CA8CB2AADFDF7003A7EDC /* CachedImageDemoApp.swift */ = {isa = PBXFileReference; lastKnownFileType = sourcecode.swift; path = CachedImageDemoApp.swift; sourceTree = "<group>"; };
		7D0CA8CD2AADFDF7003A7EDC /* ContentView.swift */ = {isa = PBXFileReference; lastKnownFileType = sourcecode.swift; path = ContentView.swift; sourceTree = "<group>"; };
		7D0CA8CF2AADFDF9003A7EDC /* Assets.xcassets */ = {isa = PBXFileReference; lastKnownFileType = folder.assetcatalog; path = Assets.xcassets; sourceTree = "<group>"; };
		7D0CA8D22AADFDF9003A7EDC /* Preview Assets.xcassets */ = {isa = PBXFileReference; lastKnownFileType = folder.assetcatalog; path = "Preview Assets.xcassets"; sourceTree = "<group>"; };
		7D0CA8DA2AADFE56003A7EDC /* CachedImage */ = {isa = PBXFileReference; lastKnownFileType = wrapper; name = CachedImage; path = ..; sourceTree = "<group>"; };
/* End PBXFileReference section */

/* Begin PBXFrameworksBuildPhase section */
		7D0CA8C52AADFDF7003A7EDC /* Frameworks */ = {
			isa = PBXFrameworksBuildPhase;
			buildActionMask = 2147483647;
			files = (
				7D0CA8DD2AAE085A003A7EDC /* CachedImage in Frameworks */,
			);
			runOnlyForDeploymentPostprocessing = 0;
		};
/* End PBXFrameworksBuildPhase section */

/* Begin PBXGroup section */
		7D0CA8BF2AADFDF7003A7EDC = {
			isa = PBXGroup;
			children = (
				7D0CA8D92AADFE56003A7EDC /* Packages */,
				7D0CA8CA2AADFDF7003A7EDC /* CachedImageDemo */,
				7D0CA8C92AADFDF7003A7EDC /* Products */,
				7D0CA8DB2AAE085A003A7EDC /* Frameworks */,
			);
			sourceTree = "<group>";
		};
		7D0CA8C92AADFDF7003A7EDC /* Products */ = {
			isa = PBXGroup;
			children = (
				7D0CA8C82AADFDF7003A7EDC /* CachedImageDemo.app */,
			);
			name = Products;
			sourceTree = "<group>";
		};
		7D0CA8CA2AADFDF7003A7EDC /* CachedImageDemo */ = {
			isa = PBXGroup;
			children = (
				7D0CA8CB2AADFDF7003A7EDC /* CachedImageDemoApp.swift */,
				7D0CA8CD2AADFDF7003A7EDC /* ContentView.swift */,
				7D0CA8CF2AADFDF9003A7EDC /* Assets.xcassets */,
				7D0CA8D12AADFDF9003A7EDC /* Preview Content */,
			);
			path = CachedImageDemo;
			sourceTree = "<group>";
		};
		7D0CA8D12AADFDF9003A7EDC /* Preview Content */ = {
			isa = PBXGroup;
			children = (
				7D0CA8D22AADFDF9003A7EDC /* Preview Assets.xcassets */,
			);
			path = "Preview Content";
			sourceTree = "<group>";
		};
		7D0CA8D92AADFE56003A7EDC /* Packages */ = {
			isa = PBXGroup;
			children = (
				7D0CA8DA2AADFE56003A7EDC /* CachedImage */,
			);
			name = Packages;
			sourceTree = "<group>";
		};
		7D0CA8DB2AAE085A003A7EDC /* Frameworks */ = {
			isa = PBXGroup;
			children = (
			);
			name = Frameworks;
			sourceTree = "<group>";
		};
/* End PBXGroup section */

/* Begin PBXNativeTarget section */
		7D0CA8C72AADFDF7003A7EDC /* CachedImageDemo */ = {
			isa = PBXNativeTarget;
			buildConfigurationList = 7D0CA8D62AADFDF9003A7EDC /* Build configuration list for PBXNativeTarget "CachedImageDemo" */;
			buildPhases = (
				7D0CA8C42AADFDF7003A7EDC /* Sources */,
				7D0CA8C52AADFDF7003A7EDC /* Frameworks */,
				7D0CA8C62AADFDF7003A7EDC /* Resources */,
			);
			buildRules = (
			);
			dependencies = (
			);
			name = CachedImageDemo;
			packageProductDependencies = (
				7D0CA8DC2AAE085A003A7EDC /* CachedImage */,
			);
			productName = CachedImageDemo;
			productReference = 7D0CA8C82AADFDF7003A7EDC /* CachedImageDemo.app */;
			productType = "com.apple.product-type.application";
		};
/* End PBXNativeTarget section */

/* Begin PBXProject section */
		7D0CA8C02AADFDF7003A7EDC /* Project object */ = {
			isa = PBXProject;
			attributes = {
				BuildIndependentTargetsInParallel = 1;
				LastSwiftUpdateCheck = 1430;
				LastUpgradeCheck = 1430;
				TargetAttributes = {
					7D0CA8C72AADFDF7003A7EDC = {
						CreatedOnToolsVersion = 14.3.1;
					};
				};
			};
			buildConfigurationList = 7D0CA8C32AADFDF7003A7EDC /* Build configuration list for PBXProject "CachedImageDemo" */;
			compatibilityVersion = "Xcode 14.0";
			developmentRegion = en;
			hasScannedForEncodings = 0;
			knownRegions = (
				en,
				Base,
			);
			mainGroup = 7D0CA8BF2AADFDF7003A7EDC;
			productRefGroup = 7D0CA8C92AADFDF7003A7EDC /* Products */;
			projectDirPath = "";
			projectRoot = "";
			targets = (
				7D0CA8C72AADFDF7003A7EDC /* CachedImageDemo */,
			);
		};
/* End PBXProject section */

/* Begin PBXResourcesBuildPhase section */
		7D0CA8C62AADFDF7003A7EDC /* Resources */ = {
			isa = PBXResourcesBuildPhase;
			buildActionMask = 2147483647;
			files = (
				7D0CA8D32AADFDF9003A7EDC /* Preview Assets.xcassets in Resources */,
				7D0CA8D02AADFDF9003A7EDC /* Assets.xcassets in Resources */,
			);
			runOnlyForDeploymentPostprocessing = 0;
		};
/* End PBXResourcesBuildPhase section */

/* Begin PBXSourcesBuildPhase section */
		7D0CA8C42AADFDF7003A7EDC /* Sources */ = {
			isa = PBXSourcesBuildPhase;
			buildActionMask = 2147483647;
			files = (
				7D0CA8CE2AADFDF7003A7EDC /* ContentView.swift in Sources */,
				7D0CA8CC2AADFDF7003A7EDC /* CachedImageDemoApp.swift in Sources */,
			);
			runOnlyForDeploymentPostprocessing = 0;
		};
/* End PBXSourcesBuildPhase section */

/* Begin XCBuildConfiguration section */
		7D0CA8D42AADFDF9003A7EDC /* Debug */ = {
			isa = XCBuildConfiguration;
			buildSettings = {
				ALWAYS_SEARCH_USER_PATHS = NO;
				CLANG_ANALYZER_NONNULL = YES;
				CLANG_ANALYZER_NUMBER_OBJECT_CONVERSION = YES_AGGRESSIVE;
				CLANG_CXX_LANGUAGE_STANDARD = "gnu++20";
				CLANG_ENABLE_MODULES = YES;
				CLANG_ENABLE_OBJC_ARC = YES;
				CLANG_ENABLE_OBJC_WEAK = YES;
				CLANG_WARN_BLOCK_CAPTURE_AUTORELEASING = YES;
				CLANG_WARN_BOOL_CONVERSION = YES;
				CLANG_WARN_COMMA = YES;
				CLANG_WARN_CONSTANT_CONVERSION = YES;
				CLANG_WARN_DEPRECATED_OBJC_IMPLEMENTATIONS = YES;
				CLANG_WARN_DIRECT_OBJC_ISA_USAGE = YES_ERROR;
				CLANG_WARN_DOCUMENTATION_COMMENTS = YES;
				CLANG_WARN_EMPTY_BODY = YES;
				CLANG_WARN_ENUM_CONVERSION = YES;
				CLANG_WARN_INFINITE_RECURSION = YES;
				CLANG_WARN_INT_CONVERSION = YES;
				CLANG_WARN_NON_LITERAL_NULL_CONVERSION = YES;
				CLANG_WARN_OBJC_IMPLICIT_RETAIN_SELF = YES;
				CLANG_WARN_OBJC_LITERAL_CONVERSION = YES;
				CLANG_WARN_OBJC_ROOT_CLASS = YES_ERROR;
				CLANG_WARN_QUOTED_INCLUDE_IN_FRAMEWORK_HEADER = YES;
				CLANG_WARN_RANGE_LOOP_ANALYSIS = YES;
				CLANG_WARN_STRICT_PROTOTYPES = YES;
				CLANG_WARN_SUSPICIOUS_MOVE = YES;
				CLANG_WARN_UNGUARDED_AVAILABILITY = YES_AGGRESSIVE;
				CLANG_WARN_UNREACHABLE_CODE = YES;
				CLANG_WARN__DUPLICATE_METHOD_MATCH = YES;
				COPY_PHASE_STRIP = NO;
				DEBUG_INFORMATION_FORMAT = dwarf;
				ENABLE_STRICT_OBJC_MSGSEND = YES;
				ENABLE_TESTABILITY = YES;
				GCC_C_LANGUAGE_STANDARD = gnu11;
				GCC_DYNAMIC_NO_PIC = NO;
				GCC_NO_COMMON_BLOCKS = YES;
				GCC_OPTIMIZATION_LEVEL = 0;
				GCC_PREPROCESSOR_DEFINITIONS = (
					"DEBUG=1",
					"$(inherited)",
				);
				GCC_WARN_64_TO_32_BIT_CONVERSION = YES;
				GCC_WARN_ABOUT_RETURN_TYPE = YES_ERROR;
				GCC_WARN_UNDECLARED_SELECTOR = YES;
				GCC_WARN_UNINITIALIZED_AUTOS = YES_AGGRESSIVE;
				GCC_WARN_UNUSED_FUNCTION = YES;
				GCC_WARN_UNUSED_VARIABLE = YES;
				IPHONEOS_DEPLOYMENT_TARGET = 16.4;
				MTL_ENABLE_DEBUG_INFO = INCLUDE_SOURCE;
				MTL_FAST_MATH = YES;
				ONLY_ACTIVE_ARCH = YES;
				SDKROOT = iphoneos;
				SWIFT_ACTIVE_COMPILATION_CONDITIONS = DEBUG;
				SWIFT_OPTIMIZATION_LEVEL = "-Onone";
			};
			name = Debug;
		};
		7D0CA8D52AADFDF9003A7EDC /* Release */ = {
			isa = XCBuildConfiguration;
			buildSettings = {
				ALWAYS_SEARCH_USER_PATHS = NO;
				CLANG_ANALYZER_NONNULL = YES;
				CLANG_ANALYZER_NUMBER_OBJECT_CONVERSION = YES_AGGRESSIVE;
				CLANG_CXX_LANGUAGE_STANDARD = "gnu++20";
				CLANG_ENABLE_MODULES = YES;
				CLANG_ENABLE_OBJC_ARC = YES;
				CLANG_ENABLE_OBJC_WEAK = YES;
				CLANG_WARN_BLOCK_CAPTURE_AUTORELEASING = YES;
				CLANG_WARN_BOOL_CONVERSION = YES;
				CLANG_WARN_COMMA = YES;
				CLANG_WARN_CONSTANT_CONVERSION = YES;
				CLANG_WARN_DEPRECATED_OBJC_IMPLEMENTATIONS = YES;
				CLANG_WARN_DIRECT_OBJC_ISA_USAGE = YES_ERROR;
				CLANG_WARN_DOCUMENTATION_COMMENTS = YES;
				CLANG_WARN_EMPTY_BODY = YES;
				CLANG_WARN_ENUM_CONVERSION = YES;
				CLANG_WARN_INFINITE_RECURSION = YES;
				CLANG_WARN_INT_CONVERSION = YES;
				CLANG_WARN_NON_LITERAL_NULL_CONVERSION = YES;
				CLANG_WARN_OBJC_IMPLICIT_RETAIN_SELF = YES;
				CLANG_WARN_OBJC_LITERAL_CONVERSION = YES;
				CLANG_WARN_OBJC_ROOT_CLASS = YES_ERROR;
				CLANG_WARN_QUOTED_INCLUDE_IN_FRAMEWORK_HEADER = YES;
				CLANG_WARN_RANGE_LOOP_ANALYSIS = YES;
				CLANG_WARN_STRICT_PROTOTYPES = YES;
				CLANG_WARN_SUSPICIOUS_MOVE = YES;
				CLANG_WARN_UNGUARDED_AVAILABILITY = YES_AGGRESSIVE;
				CLANG_WARN_UNREACHABLE_CODE = YES;
				CLANG_WARN__DUPLICATE_METHOD_MATCH = YES;
				COPY_PHASE_STRIP = NO;
				DEBUG_INFORMATION_FORMAT = "dwarf-with-dsym";
				ENABLE_NS_ASSERTIONS = NO;
				ENABLE_STRICT_OBJC_MSGSEND = YES;
				GCC_C_LANGUAGE_STANDARD = gnu11;
				GCC_NO_COMMON_BLOCKS = YES;
				GCC_WARN_64_TO_32_BIT_CONVERSION = YES;
				GCC_WARN_ABOUT_RETURN_TYPE = YES_ERROR;
				GCC_WARN_UNDECLARED_SELECTOR = YES;
				GCC_WARN_UNINITIALIZED_AUTOS = YES_AGGRESSIVE;
				GCC_WARN_UNUSED_FUNCTION = YES;
				GCC_WARN_UNUSED_VARIABLE = YES;
				IPHONEOS_DEPLOYMENT_TARGET = 16.4;
				MTL_ENABLE_DEBUG_INFO = NO;
				MTL_FAST_MATH = YES;
				SDKROOT = iphoneos;
				SWIFT_COMPILATION_MODE = wholemodule;
				SWIFT_OPTIMIZATION_LEVEL = "-O";
				VALIDATE_PRODUCT = YES;
			};
			name = Release;
		};
		7D0CA8D72AADFDF9003A7EDC /* Debug */ = {
			isa = XCBuildConfiguration;
			buildSettings = {
				ASSETCATALOG_COMPILER_APPICON_NAME = AppIcon;
				ASSETCATALOG_COMPILER_GLOBAL_ACCENT_COLOR_NAME = AccentColor;
				CODE_SIGN_STYLE = Automatic;
				CURRENT_PROJECT_VERSION = 1;
				DEVELOPMENT_ASSET_PATHS = "\"CachedImageDemo/Preview Content\"";
				DEVELOPMENT_TEAM = M2D7J8K4HV;
				ENABLE_PREVIEWS = YES;
				GENERATE_INFOPLIST_FILE = YES;
				INFOPLIST_KEY_UIApplicationSceneManifest_Generation = YES;
				INFOPLIST_KEY_UIApplicationSupportsIndirectInputEvents = YES;
				INFOPLIST_KEY_UILaunchScreen_Generation = YES;
				INFOPLIST_KEY_UISupportedInterfaceOrientations_iPad = "UIInterfaceOrientationPortrait UIInterfaceOrientationPortraitUpsideDown UIInterfaceOrientationLandscapeLeft UIInterfaceOrientationLandscapeRight";
				INFOPLIST_KEY_UISupportedInterfaceOrientations_iPhone = "UIInterfaceOrientationPortrait UIInterfaceOrientationLandscapeLeft UIInterfaceOrientationLandscapeRight";
				LD_RUNPATH_SEARCH_PATHS = (
					"$(inherited)",
					"@executable_path/Frameworks",
				);
				MARKETING_VERSION = 1.0;
				PRODUCT_BUNDLE_IDENTIFIER = com.leoz.CachedImageDemo;
				PRODUCT_NAME = "$(TARGET_NAME)";
				SWIFT_EMIT_LOC_STRINGS = YES;
				SWIFT_VERSION = 5.0;
				TARGETED_DEVICE_FAMILY = "1,2";
			};
			name = Debug;
		};
		7D0CA8D82AADFDF9003A7EDC /* Release */ = {
			isa = XCBuildConfiguration;
			buildSettings = {
				ASSETCATALOG_COMPILER_APPICON_NAME = AppIcon;
				ASSETCATALOG_COMPILER_GLOBAL_ACCENT_COLOR_NAME = AccentColor;
				CODE_SIGN_STYLE = Automatic;
				CURRENT_PROJECT_VERSION = 1;
				DEVELOPMENT_ASSET_PATHS = "\"CachedImageDemo/Preview Content\"";
				DEVELOPMENT_TEAM = M2D7J8K4HV;
				ENABLE_PREVIEWS = YES;
				GENERATE_INFOPLIST_FILE = YES;
				INFOPLIST_KEY_UIApplicationSceneManifest_Generation = YES;
				INFOPLIST_KEY_UIApplicationSupportsIndirectInputEvents = YES;
				INFOPLIST_KEY_UILaunchScreen_Generation = YES;
				INFOPLIST_KEY_UISupportedInterfaceOrientations_iPad = "UIInterfaceOrientationPortrait UIInterfaceOrientationPortraitUpsideDown UIInterfaceOrientationLandscapeLeft UIInterfaceOrientationLandscapeRight";
				INFOPLIST_KEY_UISupportedInterfaceOrientations_iPhone = "UIInterfaceOrientationPortrait UIInterfaceOrientationLandscapeLeft UIInterfaceOrientationLandscapeRight";
				LD_RUNPATH_SEARCH_PATHS = (
					"$(inherited)",
					"@executable_path/Frameworks",
				);
				MARKETING_VERSION = 1.0;
				PRODUCT_BUNDLE_IDENTIFIER = com.leoz.CachedImageDemo;
				PRODUCT_NAME = "$(TARGET_NAME)";
				SWIFT_EMIT_LOC_STRINGS = YES;
				SWIFT_VERSION = 5.0;
				TARGETED_DEVICE_FAMILY = "1,2";
			};
			name = Release;
		};
/* End XCBuildConfiguration section */

/* Begin XCConfigurationList section */
		7D0CA8C32AADFDF7003A7EDC /* Build configuration list for PBXProject "CachedImageDemo" */ = {
			isa = XCConfigurationList;
			buildConfigurations = (
				7D0CA8D42AADFDF9003A7EDC /* Debug */,
				7D0CA8D52AADFDF9003A7EDC /* Release */,
			);
			defaultConfigurationIsVisible = 0;
			defaultConfigurationName = Release;
		};
		7D0CA8D62AADFDF9003A7EDC /* Build configuration list for PBXNativeTarget "CachedImageDemo" */ = {
			isa = XCConfigurationList;
			buildConfigurations = (
				7D0CA8D72AADFDF9003A7EDC /* Debug */,
				7D0CA8D82AADFDF9003A7EDC /* Release */,
			);
			defaultConfigurationIsVisible = 0;
			defaultConfigurationName = Release;
		};
/* End XCConfigurationList section */

/* Begin XCSwiftPackageProductDependency section */
		7D0CA8DC2AAE085A003A7EDC /* CachedImage */ = {
			isa = XCSwiftPackageProductDependency;
			productName = CachedImage;
		};
/* End XCSwiftPackageProductDependency section */
	};
	rootObject = 7D0CA8C02AADFDF7003A7EDC /* Project object */;
}
